
Microsoft Visual Studio Solution File, Format Version 12.00
# Visual Studio 15
VisualStudioVersion = 15.0.28307.1401
MinimumVisualStudioVersion = 10.0.40219.1
Project("{FAE04EC0-301F-11D3-BF4B-00C04F79EFBC}") = "RunBatEvent", "RunBatEvent\RunBatEvent.csproj", "{0299BB4C-7FED-475E-AD83-74A76794330D}"
EndProject
Global
	GlobalSection(SolutionConfigurationPlatforms) = preSolution
		Debug|Any CPU = Debug|Any CPU
		Release|Any CPU = Release|Any CPU
	EndGlobalSection
	GlobalSection(ProjectConfigurationPlatforms) = postSolution
		{0299BB4C-7FED-475E-AD83-74A76794330D}.Debug|Any CPU.ActiveCfg = Debug|Any CPU
		{0299BB4C-7FED-475E-AD83-74A76794330D}.Debug|Any CPU.Build.0 = Debug|Any CPU
		{0299BB4C-7FED-475E-AD83-74A76794330D}.Release|Any CPU.ActiveCfg = Release|Any CPU
		{0299BB4C-7FED-475E-AD83-74A76794330D}.Release|Any CPU.Build.0 = Release|Any CPU
	EndGlobalSection
	GlobalSection(SolutionProperties) = preSolution
		HideSolutionNode = FALSE
	EndGlobalSection
	GlobalSection(ExtensibilityGlobals) = postSolution
		SolutionGuid = {AE59B9FB-F3E9-4EC4-B3D9-5825957BF1A5}
	EndGlobalSection
EndGlobal
